{
  "name": "connector-consent-ledger-skill",
  "version": "0.1.0",
  "lockfileVersion": 3,
  "requires": true,
  "packages": {
    "": {
      "name": "connector-consent-ledger-skill",
      "version": "0.1.0",
      "license": "MIT",
      "bin": {
        "connector-consent-ledger": "src/cli.js"
      },
      "engines": {
        "node": ">=20"
      },
      "scripts": {
        "test": "node --test",
        "check": "node --check src/*.js test/*.test.js",
        "build": "node --check src/*.js test/*.test.js",
        "smoke": "node src/cli.js review fixtures/mixed-actions.json --format markdown",
        "package:smoke": "node scripts/package-smoke.mjs",
        "release:readiness": "node scripts/validate-release-readiness.mjs",
        "lockfile:check": "node scripts/check-lockfile-metadata.mjs",
        "release:check": "npm run release:readiness && npm run lockfile:check && npm test && npm run check && npm run build && npm run smoke && npm run package:smoke"
      }
    }
  }
}
